
Microsoft Visual Studio Solution File, Format Version 12.00
# Visual Studio Version 17
VisualStudioVersion = 17.0.31903.59
MinimumVisualStudioVersion = 10.0.40219.1
Project("{2150E333-8FDC-42A3-9474-1A3956D46DE8}") = "src", "src", "{827E0CD3-B72D-47B6-A68D-7590B98EB39B}"
EndProject
Project("{FAE04EC0-301F-11D3-BF4B-00C04F79EFBC}") = "MechanicShop.Domain", "src\MechanicShop.Domain\MechanicShop.Domain.csproj", "{BB6D6479-D7B1-44CD-9D23-231DE8908BC4}"
EndProject
Project("{FAE04EC0-301F-11D3-BF4B-00C04F79EFBC}") = "MechanicShop.Application", "src\MechanicShop.Application\MechanicShop.Application.csproj", "{71E02353-4367-4EE2-B207-830921B4F50E}"
EndProject
Project("{FAE04EC0-301F-11D3-BF4B-00C04F79EFBC}") = "MechanicShop.Infrastructure", "src\MechanicShop.Infrastructure\MechanicShop.Infrastructure.csproj", "{900B6EDF-39F2-4882-92CA-47DB1977789A}"
EndProject
Project("{FAE04EC0-301F-11D3-BF4B-00C04F79EFBC}") = "MechanicShop.API", "src\MechanicShop.API\MechanicShop.API.csproj", "{12A18D7D-3215-4E73-939D-62C1F7B0480F}"
EndProject
Project("{FAE04EC0-301F-11D3-BF4B-00C04F79EFBC}") = "MechanicShop.Contracts", "src\MechanicShop.Contracts\MechanicShop.Contracts.csproj", "{061D0D42-42FB-603C-2C16-527FEFF70E09}"
EndProject
Project("{2150E333-8FDC-42A3-9474-1A3956D46DE8}") = "tests", "tests", "{02EA681E-C7D8-13C7-8484-4AC65E1B71E8}"
EndProject
Project("{FAE04EC0-301F-11D3-BF4B-00C04F79EFBC}") = "MechanicShop.Application.UnitTests", "tests\MechanicShop.Application.UnitTests\MechanicShop.Application.UnitTests.csproj", "{7576272B-D90C-4875-9749-C0AA6C80819D}"
EndProject
Project("{FAE04EC0-301F-11D3-BF4B-00C04F79EFBC}") = "MechanicShop.Domain.UnitTests", "tests\MechanicShop.Domain.UnitTests\MechanicShop.Domain.UnitTests.csproj", "{AFB1EF6C-6D31-4112-82E3-C97DA2E7152E}"
EndProject
Project("{FAE04EC0-301F-11D3-BF4B-00C04F79EFBC}") = "MechanicShop.Api.IntegrationTests", "tests\MechanicShop.Api.IntegrationTests\MechanicShop.Api.IntegrationTests.csproj", "{4AD2BB3D-E081-4882-9530-95705AD89EB0}"
EndProject
Project("{FAE04EC0-301F-11D3-BF4B-00C04F79EFBC}") = "MechanicShop.Tests.Common", "tests\MechanicShop.Tests.Common\MechanicShop.Tests.Common.csproj", "{319A0E51-30AF-4A3A-ADC1-5FD22F580444}"
EndProject
Project("{FAE04EC0-301F-11D3-BF4B-00C04F79EFBC}") = "MechanicShop.Application.SubcutaneousTests", "tests\MechanicShop.Application.SubcutaneousTests\MechanicShop.Application.SubcutaneousTests.csproj", "{4E1C5FA4-B609-47FA-9281-D909BB40C12D}"
EndProject
Global
	GlobalSection(SolutionConfigurationPlatforms) = preSolution
		Debug|Any CPU = Debug|Any CPU
		Debug|x64 = Debug|x64
		Debug|x86 = Debug|x86
		Release|Any CPU = Release|Any CPU
		Release|x64 = Release|x64
		Release|x86 = Release|x86
	EndGlobalSection
	GlobalSection(ProjectConfigurationPlatforms) = postSolution
		{BB6D6479-D7B1-44CD-9D23-231DE8908BC4}.Debug|Any CPU.ActiveCfg = Debug|Any CPU
		{BB6D6479-D7B1-44CD-9D23-231DE8908BC4}.Debug|Any CPU.Build.0 = Debug|Any CPU
		{BB6D6479-D7B1-44CD-9D23-231DE8908BC4}.Debug|x64.ActiveCfg = Debug|Any CPU
		{BB6D6479-D7B1-44CD-9D23-231DE8908BC4}.Debug|x64.Build.0 = Debug|Any CPU
		{BB6D6479-D7B1-44CD-9D23-231DE8908BC4}.Debug|x86.ActiveCfg = Debug|Any CPU
		{BB6D6479-D7B1-44CD-9D23-231DE8908BC4}.Debug|x86.Build.0 = Debug|Any CPU
		{BB6D6479-D7B1-44CD-9D23-231DE8908BC4}.Release|Any CPU.ActiveCfg = Release|Any CPU
		{BB6D6479-D7B1-44CD-9D23-231DE8908BC4}.Release|Any CPU.Build.0 = Release|Any CPU
		{BB6D6479-D7B1-44CD-9D23-231DE8908BC4}.Release|x64.ActiveCfg = Release|Any CPU
		{BB6D6479-D7B1-44CD-9D23-231DE8908BC4}.Release|x64.Build.0 = Release|Any CPU
		{BB6D6479-D7B1-44CD-9D23-231DE8908BC4}.Release|x86.ActiveCfg = Release|Any CPU
		{BB6D6479-D7B1-44CD-9D23-231DE8908BC4}.Release|x86.Build.0 = Release|Any CPU
		{71E02353-4367-4EE2-B207-830921B4F50E}.Debug|Any CPU.ActiveCfg = Debug|Any CPU
		{71E02353-4367-4EE2-B207-830921B4F50E}.Debug|Any CPU.Build.0 = Debug|Any CPU
		{71E02353-4367-4EE2-B207-830921B4F50E}.Debug|x64.ActiveCfg = Debug|Any CPU
		{71E02353-4367-4EE2-B207-830921B4F50E}.Debug|x64.Build.0 = Debug|Any CPU
		{71E02353-4367-4EE2-B207-830921B4F50E}.Debug|x86.ActiveCfg = Debug|Any CPU
		{71E02353-4367-4EE2-B207-830921B4F50E}.Debug|x86.Build.0 = Debug|Any CPU
		{71E02353-4367-4EE2-B207-830921B4F50E}.Release|Any CPU.ActiveCfg = Release|Any CPU
		{71E02353-4367-4EE2-B207-830921B4F50E}.Release|Any CPU.Build.0 = Release|Any CPU
		{71E02353-4367-4EE2-B207-830921B4F50E}.Release|x64.ActiveCfg = Release|Any CPU
		{71E02353-4367-4EE2-B207-830921B4F50E}.Release|x64.Build.0 = Release|Any CPU
		{71E02353-4367-4EE2-B207-830921B4F50E}.Release|x86.ActiveCfg = Release|Any CPU
		{71E02353-4367-4EE2-B207-830921B4F50E}.Release|x86.Build.0 = Release|Any CPU
		{900B6EDF-39F2-4882-92CA-47DB1977789A}.Debug|Any CPU.ActiveCfg = Debug|Any CPU
		{900B6EDF-39F2-4882-92CA-47DB1977789A}.Debug|Any CPU.Build.0 = Debug|Any CPU
		{900B6EDF-39F2-4882-92CA-47DB1977789A}.Debug|x64.ActiveCfg = Debug|Any CPU
		{900B6EDF-39F2-4882-92CA-47DB1977789A}.Debug|x64.Build.0 = Debug|Any CPU
		{900B6EDF-39F2-4882-92CA-47DB1977789A}.Debug|x86.ActiveCfg = Debug|Any CPU
		{900B6EDF-39F2-4882-92CA-47DB1977789A}.Debug|x86.Build.0 = Debug|Any CPU
		{900B6EDF-39F2-4882-92CA-47DB1977789A}.Release|Any CPU.ActiveCfg = Release|Any CPU
		{900B6EDF-39F2-4882-92CA-47DB1977789A}.Release|Any CPU.Build.0 = Release|Any CPU
		{900B6EDF-39F2-4882-92CA-47DB1977789A}.Release|x64.ActiveCfg = Release|Any CPU
		{900B6EDF-39F2-4882-92CA-47DB1977789A}.Release|x64.Build.0 = Release|Any CPU
		{900B6EDF-39F2-4882-92CA-47DB1977789A}.Release|x86.ActiveCfg = Release|Any CPU
		{900B6EDF-39F2-4882-92CA-47DB1977789A}.Release|x86.Build.0 = Release|Any CPU
		{12A18D7D-3215-4E73-939D-62C1F7B0480F}.Debug|Any CPU.ActiveCfg = Debug|Any CPU
		{12A18D7D-3215-4E73-939D-62C1F7B0480F}.Debug|Any CPU.Build.0 = Debug|Any CPU
		{12A18D7D-3215-4E73-939D-62C1F7B0480F}.Debug|x64.ActiveCfg = Debug|Any CPU
		{12A18D7D-3215-4E73-939D-62C1F7B0480F}.Debug|x64.Build.0 = Debug|Any CPU
		{12A18D7D-3215-4E73-939D-62C1F7B0480F}.Debug|x86.ActiveCfg = Debug|Any CPU
		{12A18D7D-3215-4E73-939D-62C1F7B0480F}.Debug|x86.Build.0 = Debug|Any CPU
		{12A18D7D-3215-4E73-939D-62C1F7B0480F}.Release|Any CPU.ActiveCfg = Release|Any CPU
		{12A18D7D-3215-4E73-939D-62C1F7B0480F}.Release|Any CPU.Build.0 = Release|Any CPU
		{12A18D7D-3215-4E73-939D-62C1F7B0480F}.Release|x64.ActiveCfg = Release|Any CPU
		{12A18D7D-3215-4E73-939D-62C1F7B0480F}.Release|x64.Build.0 = Release|Any CPU
		{12A18D7D-3215-4E73-939D-62C1F7B0480F}.Release|x86.ActiveCfg = Release|Any CPU
		{12A18D7D-3215-4E73-939D-62C1F7B0480F}.Release|x86.Build.0 = Release|Any CPU
		{061D0D42-42FB-603C-2C16-527FEFF70E09}.Debug|Any CPU.ActiveCfg = Debug|Any CPU
		{061D0D42-42FB-603C-2C16-527FEFF70E09}.Debug|Any CPU.Build.0 = Debug|Any CPU
		{061D0D42-42FB-603C-2C16-527FEFF70E09}.Debug|x64.ActiveCfg = Debug|Any CPU
		{061D0D42-42FB-603C-2C16-527FEFF70E09}.Debug|x64.Build.0 = Debug|Any CPU
		{061D0D42-42FB-603C-2C16-527FEFF70E09}.Debug|x86.ActiveCfg = Debug|Any CPU
		{061D0D42-42FB-603C-2C16-527FEFF70E09}.Debug|x86.Build.0 = Debug|Any CPU
		{061D0D42-42FB-603C-2C16-527FEFF70E09}.Release|Any CPU.ActiveCfg = Release|Any CPU
		{061D0D42-42FB-603C-2C16-527FEFF70E09}.Release|Any CPU.Build.0 = Release|Any CPU
		{061D0D42-42FB-603C-2C16-527FEFF70E09}.Release|x64.ActiveCfg = Release|Any CPU
		{061D0D42-42FB-603C-2C16-527FEFF70E09}.Release|x64.Build.0 = Release|Any CPU
		{061D0D42-42FB-603C-2C16-527FEFF70E09}.Release|x86.ActiveCfg = Release|Any CPU
		{061D0D42-42FB-603C-2C16-527FEFF70E09}.Release|x86.Build.0 = Release|Any CPU
		{7576272B-D90C-4875-9749-C0AA6C80819D}.Debug|Any CPU.ActiveCfg = Debug|Any CPU
		{7576272B-D90C-4875-9749-C0AA6C80819D}.Debug|Any CPU.Build.0 = Debug|Any CPU
		{7576272B-D90C-4875-9749-C0AA6C80819D}.Debug|x64.ActiveCfg = Debug|Any CPU
		{7576272B-D90C-4875-9749-C0AA6C80819D}.Debug|x64.Build.0 = Debug|Any CPU
		{7576272B-D90C-4875-9749-C0AA6C80819D}.Debug|x86.ActiveCfg = Debug|Any CPU
		{7576272B-D90C-4875-9749-C0AA6C80819D}.Debug|x86.Build.0 = Debug|Any CPU
		{7576272B-D90C-4875-9749-C0AA6C80819D}.Release|Any CPU.ActiveCfg = Release|Any CPU
		{7576272B-D90C-4875-9749-C0AA6C80819D}.Release|Any CPU.Build.0 = Release|Any CPU
		{7576272B-D90C-4875-9749-C0AA6C80819D}.Release|x64.ActiveCfg = Release|Any CPU
		{7576272B-D90C-4875-9749-C0AA6C80819D}.Release|x64.Build.0 = Release|Any CPU
		{7576272B-D90C-4875-9749-C0AA6C80819D}.Release|x86.ActiveCfg = Release|Any CPU
		{7576272B-D90C-4875-9749-C0AA6C80819D}.Release|x86.Build.0 = Release|Any CPU
		{AFB1EF6C-6D31-4112-82E3-C97DA2E7152E}.Debug|Any CPU.ActiveCfg = Debug|Any CPU
		{AFB1EF6C-6D31-4112-82E3-C97DA2E7152E}.Debug|Any CPU.Build.0 = Debug|Any CPU
		{AFB1EF6C-6D31-4112-82E3-C97DA2E7152E}.Debug|x64.ActiveCfg = Debug|Any CPU
		{AFB1EF6C-6D31-4112-82E3-C97DA2E7152E}.Debug|x64.Build.0 = Debug|Any CPU
		{AFB1EF6C-6D31-4112-82E3-C97DA2E7152E}.Debug|x86.ActiveCfg = Debug|Any CPU
		{AFB1EF6C-6D31-4112-82E3-C97DA2E7152E}.Debug|x86.Build.0 = Debug|Any CPU
		{AFB1EF6C-6D31-4112-82E3-C97DA2E7152E}.Release|Any CPU.ActiveCfg = Release|Any CPU
		{AFB1EF6C-6D31-4112-82E3-C97DA2E7152E}.Release|Any CPU.Build.0 = Release|Any CPU
		{AFB1EF6C-6D31-4112-82E3-C97DA2E7152E}.Release|x64.ActiveCfg = Release|Any CPU
		{AFB1EF6C-6D31-4112-82E3-C97DA2E7152E}.Release|x64.Build.0 = Release|Any CPU
		{AFB1EF6C-6D31-4112-82E3-C97DA2E7152E}.Release|x86.ActiveCfg = Release|Any CPU
		{AFB1EF6C-6D31-4112-82E3-C97DA2E7152E}.Release|x86.Build.0 = Release|Any CPU
		{4AD2BB3D-E081-4882-9530-95705AD89EB0}.Debug|Any CPU.ActiveCfg = Debug|Any CPU
		{4AD2BB3D-E081-4882-9530-95705AD89EB0}.Debug|Any CPU.Build.0 = Debug|Any CPU
		{4AD2BB3D-E081-4882-9530-95705AD89EB0}.Debug|x64.ActiveCfg = Debug|Any CPU
		{4AD2BB3D-E081-4882-9530-95705AD89EB0}.Debug|x64.Build.0 = Debug|Any CPU
		{4AD2BB3D-E081-4882-9530-95705AD89EB0}.Debug|x86.ActiveCfg = Debug|Any CPU
		{4AD2BB3D-E081-4882-9530-95705AD89EB0}.Debug|x86.Build.0 = Debug|Any CPU
		{4AD2BB3D-E081-4882-9530-95705AD89EB0}.Release|Any CPU.ActiveCfg = Release|Any CPU
		{4AD2BB3D-E081-4882-9530-95705AD89EB0}.Release|Any CPU.Build.0 = Release|Any CPU
		{4AD2BB3D-E081-4882-9530-95705AD89EB0}.Release|x64.ActiveCfg = Release|Any CPU
		{4AD2BB3D-E081-4882-9530-95705AD89EB0}.Release|x64.Build.0 = Release|Any CPU
		{4AD2BB3D-E081-4882-9530-95705AD89EB0}.Release|x86.ActiveCfg = Release|Any CPU
		{4AD2BB3D-E081-4882-9530-95705AD89EB0}.Release|x86.Build.0 = Release|Any CPU
		{319A0E51-30AF-4A3A-ADC1-5FD22F580444}.Debug|Any CPU.ActiveCfg = Debug|Any CPU
		{319A0E51-30AF-4A3A-ADC1-5FD22F580444}.Debug|Any CPU.Build.0 = Debug|Any CPU
		{319A0E51-30AF-4A3A-ADC1-5FD22F580444}.Debug|x64.ActiveCfg = Debug|Any CPU
		{319A0E51-30AF-4A3A-ADC1-5FD22F580444}.Debug|x64.Build.0 = Debug|Any CPU
		{319A0E51-30AF-4A3A-ADC1-5FD22F580444}.Debug|x86.ActiveCfg = Debug|Any CPU
		{319A0E51-30AF-4A3A-ADC1-5FD22F580444}.Debug|x86.Build.0 = Debug|Any CPU
		{319A0E51-30AF-4A3A-ADC1-5FD22F580444}.Release|Any CPU.ActiveCfg = Release|Any CPU
		{319A0E51-30AF-4A3A-ADC1-5FD22F580444}.Release|Any CPU.Build.0 = Release|Any CPU
		{319A0E51-30AF-4A3A-ADC1-5FD22F580444}.Release|x64.ActiveCfg = Release|Any CPU
		{319A0E51-30AF-4A3A-ADC1-5FD22F580444}.Release|x64.Build.0 = Release|Any CPU
		{319A0E51-30AF-4A3A-ADC1-5FD22F580444}.Release|x86.ActiveCfg = Release|Any CPU
		{319A0E51-30AF-4A3A-ADC1-5FD22F580444}.Release|x86.Build.0 = Release|Any CPU
		{4E1C5FA4-B609-47FA-9281-D909BB40C12D}.Debug|Any CPU.ActiveCfg = Debug|Any CPU
		{4E1C5FA4-B609-47FA-9281-D909BB40C12D}.Debug|Any CPU.Build.0 = Debug|Any CPU
		{4E1C5FA4-B609-47FA-9281-D909BB40C12D}.Debug|x64.ActiveCfg = Debug|Any CPU
		{4E1C5FA4-B609-47FA-9281-D909BB40C12D}.Debug|x64.Build.0 = Debug|Any CPU
		{4E1C5FA4-B609-47FA-9281-D909BB40C12D}.Debug|x86.ActiveCfg = Debug|Any CPU
		{4E1C5FA4-B609-47FA-9281-D909BB40C12D}.Debug|x86.Build.0 = Debug|Any CPU
		{4E1C5FA4-B609-47FA-9281-D909BB40C12D}.Release|Any CPU.ActiveCfg = Release|Any CPU
		{4E1C5FA4-B609-47FA-9281-D909BB40C12D}.Release|Any CPU.Build.0 = Release|Any CPU
		{4E1C5FA4-B609-47FA-9281-D909BB40C12D}.Release|x64.ActiveCfg = Release|Any CPU
		{4E1C5FA4-B609-47FA-9281-D909BB40C12D}.Release|x64.Build.0 = Release|Any CPU
		{4E1C5FA4-B609-47FA-9281-D909BB40C12D}.Release|x86.ActiveCfg = Release|Any CPU
		{4E1C5FA4-B609-47FA-9281-D909BB40C12D}.Release|x86.Build.0 = Release|Any CPU
	EndGlobalSection
	GlobalSection(SolutionProperties) = preSolution
		HideSolutionNode = FALSE
	EndGlobalSection
	GlobalSection(NestedProjects) = preSolution
		{BB6D6479-D7B1-44CD-9D23-231DE8908BC4} = {827E0CD3-B72D-47B6-A68D-7590B98EB39B}
		{71E02353-4367-4EE2-B207-830921B4F50E} = {827E0CD3-B72D-47B6-A68D-7590B98EB39B}
		{900B6EDF-39F2-4882-92CA-47DB1977789A} = {827E0CD3-B72D-47B6-A68D-7590B98EB39B}
		{12A18D7D-3215-4E73-939D-62C1F7B0480F} = {827E0CD3-B72D-47B6-A68D-7590B98EB39B}
		{061D0D42-42FB-603C-2C16-527FEFF70E09} = {827E0CD3-B72D-47B6-A68D-7590B98EB39B}
		{7576272B-D90C-4875-9749-C0AA6C80819D} = {02EA681E-C7D8-13C7-8484-4AC65E1B71E8}
		{AFB1EF6C-6D31-4112-82E3-C97DA2E7152E} = {02EA681E-C7D8-13C7-8484-4AC65E1B71E8}
		{4AD2BB3D-E081-4882-9530-95705AD89EB0} = {02EA681E-C7D8-13C7-8484-4AC65E1B71E8}
		{319A0E51-30AF-4A3A-ADC1-5FD22F580444} = {02EA681E-C7D8-13C7-8484-4AC65E1B71E8}
		{4E1C5FA4-B609-47FA-9281-D909BB40C12D} = {02EA681E-C7D8-13C7-8484-4AC65E1B71E8}
	EndGlobalSection
	GlobalSection(ExtensibilityGlobals) = postSolution
		SolutionGuid = {E7C503C3-D669-4189-A028-10470BA3219B}
	EndGlobalSection
EndGlobal
